// !$*UTF8*$!
{
	archiveVersion = 1;
	classes = {
	};
	objectVersion = 55;
	objects = {

/* Begin PBXBuildFile section */
		506FCC8E2CADF3B600CAFFDE /* AppDelegate.swift in Sources */ = {isa = PBXBuildFile; fileRef = 506FCC8D2CADF3B600CAFFDE /* AppDelegate.swift */; };
		506FCC902CADF3B600CAFFDE /* SceneDelegate.swift in Sources */ = {isa = PBXBuildFile; fileRef = 506FCC8F2CADF3B600CAFFDE /* SceneDelegate.swift */; };
		506FCC922CADF3B600CAFFDE /* ViewController.swift in Sources */ = {isa = PBXBuildFile; fileRef = 506FCC912CADF3B600CAFFDE /* ViewController.swift */; };
		506FCC952CADF3B600CAFFDE /* Main.storyboard in Resources */ = {isa = PBXBuildFile; fileRef = 506FCC932CADF3B600CAFFDE /* Main.storyboard */; };
		506FCC982CADF3B600CAFFDE /* UrquizoColeccionDeJuegos.xcdatamodeld in Sources */ = {isa = PBXBuildFile; fileRef = 506FCC962CADF3B600CAFFDE /* UrquizoColeccionDeJuegos.xcdatamodeld */; };
		506FCC9A2CADF3B700CAFFDE /* Assets.xcassets in Resources */ = {isa = PBXBuildFile; fileRef = 506FCC992CADF3B700CAFFDE /* Assets.xcassets */; };
		506FCC9D2CADF3B700CAFFDE /* LaunchScreen.storyboard in Resources */ = {isa = PBXBuildFile; fileRef = 506FCC9B2CADF3B700CAFFDE /* LaunchScreen.storyboard */; };
/* End PBXBuildFile section */

/* Begin PBXFileReference section */
		506FCC8A2CADF3B600CAFFDE /* UrquizoColeccionDeJuegos.app */ = {isa = PBXFileReference; explicitFileType = wrapper.application; includeInIndex = 0; path = UrquizoColeccionDeJuegos.app; sourceTree = BUILT_PRODUCTS_DIR; };
		506FCC8D2CADF3B600CAFFDE /* AppDelegate.swift */ = {isa = PBXFileReference; lastKnownFileType = sourcecode.swift; path = AppDelegate.swift; sourceTree = "<group>"; };
		506FCC8F2CADF3B600CAFFDE /* SceneDelegate.swift */ = {isa = PBXFileReference; lastKnownFileType = sourcecode.swift; path = SceneDelegate.swift; sourceTree = "<group>"; };
		506FCC912CADF3B600CAFFDE /* ViewController.swift */ = {isa = PBXFileReference; lastKnownFileType = sourcecode.swift; path = ViewController.swift; sourceTree = "<group>"; };
		506FCC942CADF3B600CAFFDE /* Base */ = {isa = PBXFileReference; lastKnownFileType = file.storyboard; name = Base; path = Base.lproj/Main.storyboard; sourceTree = "<group>"; };
		506FCC972CADF3B600CAFFDE /* UrquizoColeccionDeJuegos.xcdatamodel */ = {isa = PBXFileReference; lastKnownFileType = wrapper.xcdatamodel; path = UrquizoColeccionDeJuegos.xcdatamodel; sourceTree = "<group>"; };
		506FCC992CADF3B700CAFFDE /* Assets.xcassets */ = {isa = PBXFileReference; lastKnownFileType = folder.assetcatalog; path = Assets.xcassets; sourceTree = "<group>"; };
		506FCC9C2CADF3B700CAFFDE /* Base */ = {isa = PBXFileReference; lastKnownFileType = file.storyboard; name = Base; path = Base.lproj/LaunchScreen.storyboard; sourceTree = "<group>"; };
		506FCC9E2CADF3B700CAFFDE /* Info.plist */ = {isa = PBXFileReference; lastKnownFileType = text.plist.xml; path = Info.plist; sourceTree = "<group>"; };
/* End PBXFileReference section */

/* Begin PBXFrameworksBuildPhase section */
		506FCC872CADF3B600CAFFDE /* Frameworks */ = {
			isa = PBXFrameworksBuildPhase;
			buildActionMask = 2147483647;
			files = (
			);
			runOnlyForDeploymentPostprocessing = 0;
		};
/* End PBXFrameworksBuildPhase section */

/* Begin PBXGroup section */
		506FCC812CADF3B600CAFFDE = {
			isa = PBXGroup;
			children = (
				506FCC8C2CADF3B600CAFFDE /* UrquizoColeccionDeJuegos */,
				506FCC8B2CADF3B600CAFFDE /* Products */,
			);
			sourceTree = "<group>";
		};
		506FCC8B2CADF3B600CAFFDE /* Products */ = {
			isa = PBXGroup;
			children = (
				506FCC8A2CADF3B600CAFFDE /* UrquizoColeccionDeJuegos.app */,
			);
			name = Products;
			sourceTree = "<group>";
		};
		506FCC8C2CADF3B600CAFFDE /* UrquizoColeccionDeJuegos */ = {
			isa = PBXGroup;
			children = (
				506FCC8D2CADF3B600CAFFDE /* AppDelegate.swift */,
				506FCC8F2CADF3B600CAFFDE /* SceneDelegate.swift */,
				506FCC912CADF3B600CAFFDE /* ViewController.swift */,
				506FCC932CADF3B600CAFFDE /* Main.storyboard */,
				506FCC992CADF3B700CAFFDE /* Assets.xcassets */,
				506FCC9B2CADF3B700CAFFDE /* LaunchScreen.storyboard */,
				506FCC9E2CADF3B700CAFFDE /* Info.plist */,
				506FCC962CADF3B600CAFFDE /* UrquizoColeccionDeJuegos.xcdatamodeld */,
			);
			path = UrquizoColeccionDeJuegos;
			sourceTree = "<group>";
		};
/* End PBXGroup section */

/* Begin PBXNativeTarget section */
		506FCC892CADF3B600CAFFDE /* UrquizoColeccionDeJuegos */ = {
			isa = PBXNativeTarget;
			buildConfigurationList = 506FCCA12CADF3B700CAFFDE /* Build configuration list for PBXNativeTarget "UrquizoColeccionDeJuegos" */;
			buildPhases = (
				506FCC862CADF3B600CAFFDE /* Sources */,
				506FCC872CADF3B600CAFFDE /* Frameworks */,
				506FCC882CADF3B600CAFFDE /* Resources */,
			);
			buildRules = (
			);
			dependencies = (
			);
			name = UrquizoColeccionDeJuegos;
			productName = UrquizoColeccionDeJuegos;
			productReference = 506FCC8A2CADF3B600CAFFDE /* UrquizoColeccionDeJuegos.app */;
			productType = "com.apple.product-type.application";
		};
/* End PBXNativeTarget section */

/* Begin PBXProject section */
		506FCC822CADF3B600CAFFDE /* Project object */ = {
			isa = PBXProject;
			attributes = {
				BuildIndependentTargetsInParallel = 1;
				LastSwiftUpdateCheck = 1340;
				LastUpgradeCheck = 1340;
				TargetAttributes = {
					506FCC892CADF3B600CAFFDE = {
						CreatedOnToolsVersion = 13.4.1;
					};
				};
			};
			buildConfigurationList = 506FCC852CADF3B600CAFFDE /* Build configuration list for PBXProject "UrquizoColeccionDeJuegos" */;
			compatibilityVersion = "Xcode 13.0";
			developmentRegion = en;
			hasScannedForEncodings = 0;
			knownRegions = (
				en,
				Base,
			);
			mainGroup = 506FCC812CADF3B600CAFFDE;
			productRefGroup = 506FCC8B2CADF3B600CAFFDE /* Products */;
			projectDirPath = "";
			projectRoot = "";
			targets = (
				506FCC892CADF3B600CAFFDE /* UrquizoColeccionDeJuegos */,
			);
		};
/* End PBXProject section */

/* Begin PBXResourcesBuildPhase section */
		506FCC882CADF3B600CAFFDE /* Resources */ = {
			isa = PBXResourcesBuildPhase;
			buildActionMask = 2147483647;
			files = (
				506FCC9D2CADF3B700CAFFDE /* LaunchScreen.storyboard in Resources */,
				506FCC9A2CADF3B700CAFFDE /* Assets.xcassets in Resources */,
				506FCC952CADF3B600CAFFDE /* Main.storyboard in Resources */,
			);
			runOnlyForDeploymentPostprocessing = 0;
		};
/* End PBXResourcesBuildPhase section */

/* Begin PBXSourcesBuildPhase section */
		506FCC862CADF3B600CAFFDE /* Sources */ = {
			isa = PBXSourcesBuildPhase;
			buildActionMask = 2147483647;
			files = (
				506FCC922CADF3B600CAFFDE /* ViewController.swift in Sources */,
				506FCC982CADF3B600CAFFDE /* UrquizoColeccionDeJuegos.xcdatamodeld in Sources */,
				506FCC8E2CADF3B600CAFFDE /* AppDelegate.swift in Sources */,
				506FCC902CADF3B600CAFFDE /* SceneDelegate.swift in Sources */,
			);
			runOnlyForDeploymentPostprocessing = 0;
		};
/* End PBXSourcesBuildPhase section */

/* Begin PBXVariantGroup section */
		506FCC932CADF3B600CAFFDE /* Main.storyboard */ = {
			isa = PBXVariantGroup;
			children = (
				506FCC942CADF3B600CAFFDE /* Base */,
			);
			name = Main.storyboard;
			sourceTree = "<group>";
		};
		506FCC9B2CADF3B700CAFFDE /* LaunchScreen.storyboard */ = {
			isa = PBXVariantGroup;
			children = (
				506FCC9C2CADF3B700CAFFDE /* Base */,
			);
			name = LaunchScreen.storyboard;
			sourceTree = "<group>";
		};
/* End PBXVariantGroup section */

/* Begin XCBuildConfiguration section */
		506FCC9F2CADF3B700CAFFDE /* Debug */ = {
			isa = XCBuildConfiguration;
			buildSettings = {
				ALWAYS_SEARCH_USER_PATHS = NO;
				CLANG_ANALYZER_NONNULL = YES;
				CLANG_ANALYZER_NUMBER_OBJECT_CONVERSION = YES_AGGRESSIVE;
				CLANG_CXX_LANGUAGE_STANDARD = "gnu++17";
				CLANG_ENABLE_MODULES = YES;
				CLANG_ENABLE_OBJC_ARC = YES;
				CLANG_ENABLE_OBJC_WEAK = YES;
				CLANG_WARN_BLOCK_CAPTURE_AUTORELEASING = YES;
				CLANG_WARN_BOOL_CONVERSION = YES;
				CLANG_WARN_COMMA = YES;
				CLANG_WARN_CONSTANT_CONVERSION = YES;
				CLANG_WARN_DEPRECATED_OBJC_IMPLEMENTATIONS = YES;
				CLANG_WARN_DIRECT_OBJC_ISA_USAGE = YES_ERROR;
				CLANG_WARN_DOCUMENTATION_COMMENTS = YES;
				CLANG_WARN_EMPTY_BODY = YES;
				CLANG_WARN_ENUM_CONVERSION = YES;
				CLANG_WARN_INFINITE_RECURSION = YES;
				CLANG_WARN_INT_CONVERSION = YES;
				CLANG_WARN_NON_LITERAL_NULL_CONVERSION = YES;
				CLANG_WARN_OBJC_IMPLICIT_RETAIN_SELF = YES;
				CLANG_WARN_OBJC_LITERAL_CONVERSION = YES;
				CLANG_WARN_OBJC_ROOT_CLASS = YES_ERROR;
				CLANG_WARN_QUOTED_INCLUDE_IN_FRAMEWORK_HEADER = YES;
				CLANG_WARN_RANGE_LOOP_ANALYSIS = YES;
				CLANG_WARN_STRICT_PROTOTYPES = YES;
				CLANG_WARN_SUSPICIOUS_MOVE = YES;
				CLANG_WARN_UNGUARDED_AVAILABILITY = YES_AGGRESSIVE;
				CLANG_WARN_UNREACHABLE_CODE = YES;
				CLANG_WARN__DUPLICATE_METHOD_MATCH = YES;
				COPY_PHASE_STRIP = NO;
				DEBUG_INFORMATION_FORMAT = dwarf;
				ENABLE_STRICT_OBJC_MSGSEND = YES;
				ENABLE_TESTABILITY = YES;
				GCC_C_LANGUAGE_STANDARD = gnu11;
				GCC_DYNAMIC_NO_PIC = NO;
				GCC_NO_COMMON_BLOCKS = YES;
				GCC_OPTIMIZATION_LEVEL = 0;
				GCC_PREPROCESSOR_DEFINITIONS = (
					"DEBUG=1",
					"$(inherited)",
				);
				GCC_WARN_64_TO_32_BIT_CONVERSION = YES;
				GCC_WARN_ABOUT_RETURN_TYPE = YES_ERROR;
				GCC_WARN_UNDECLARED_SELECTOR = YES;
				GCC_WARN_UNINITIALIZED_AUTOS = YES_AGGRESSIVE;
				GCC_WARN_UNUSED_FUNCTION = YES;
				GCC_WARN_UNUSED_VARIABLE = YES;
				IPHONEOS_DEPLOYMENT_TARGET = 15.5;
				MTL_ENABLE_DEBUG_INFO = INCLUDE_SOURCE;
				MTL_FAST_MATH = YES;
				ONLY_ACTIVE_ARCH = YES;
				SDKROOT = iphoneos;
				SWIFT_ACTIVE_COMPILATION_CONDITIONS = DEBUG;
				SWIFT_OPTIMIZATION_LEVEL = "-Onone";
			};
			name = Debug;
		};
		506FCCA02CADF3B700CAFFDE /* Release */ = {
			isa = XCBuildConfiguration;
			buildSettings = {
				ALWAYS_SEARCH_USER_PATHS = NO;
				CLANG_ANALYZER_NONNULL = YES;
				CLANG_ANALYZER_NUMBER_OBJECT_CONVERSION = YES_AGGRESSIVE;
				CLANG_CXX_LANGUAGE_STANDARD = "gnu++17";
				CLANG_ENABLE_MODULES = YES;
				CLANG_ENABLE_OBJC_ARC = YES;
				CLANG_ENABLE_OBJC_WEAK = YES;
				CLANG_WARN_BLOCK_CAPTURE_AUTORELEASING = YES;
				CLANG_WARN_BOOL_CONVERSION = YES;
				CLANG_WARN_COMMA = YES;
				CLANG_WARN_CONSTANT_CONVERSION = YES;
				CLANG_WARN_DEPRECATED_OBJC_IMPLEMENTATIONS = YES;
				CLANG_WARN_DIRECT_OBJC_ISA_USAGE = YES_ERROR;
				CLANG_WARN_DOCUMENTATION_COMMENTS = YES;
				CLANG_WARN_EMPTY_BODY = YES;
				CLANG_WARN_ENUM_CONVERSION = YES;
				CLANG_WARN_INFINITE_RECURSION = YES;
				CLANG_WARN_INT_CONVERSION = YES;
				CLANG_WARN_NON_LITERAL_NULL_CONVERSION = YES;
				CLANG_WARN_OBJC_IMPLICIT_RETAIN_SELF = YES;
				CLANG_WARN_OBJC_LITERAL_CONVERSION = YES;
				CLANG_WARN_OBJC_ROOT_CLASS = YES_ERROR;
				CLANG_WARN_QUOTED_INCLUDE_IN_FRAMEWORK_HEADER = YES;
				CLANG_WARN_RANGE_LOOP_ANALYSIS = YES;
				CLANG_WARN_STRICT_PROTOTYPES = YES;
				CLANG_WARN_SUSPICIOUS_MOVE = YES;
				CLANG_WARN_UNGUARDED_AVAILABILITY = YES_AGGRESSIVE;
				CLANG_WARN_UNREACHABLE_CODE = YES;
				CLANG_WARN__DUPLICATE_METHOD_MATCH = YES;
				COPY_PHASE_STRIP = NO;
				DEBUG_INFORMATION_FORMAT = "dwarf-with-dsym";
				ENABLE_NS_ASSERTIONS = NO;
				ENABLE_STRICT_OBJC_MSGSEND = YES;
				GCC_C_LANGUAGE_STANDARD = gnu11;
				GCC_NO_COMMON_BLOCKS = YES;
				GCC_WARN_64_TO_32_BIT_CONVERSION = YES;
				GCC_WARN_ABOUT_RETURN_TYPE = YES_ERROR;
				GCC_WARN_UNDECLARED_SELECTOR = YES;
				GCC_WARN_UNINITIALIZED_AUTOS = YES_AGGRESSIVE;
				GCC_WARN_UNUSED_FUNCTION = YES;
				GCC_WARN_UNUSED_VARIABLE = YES;
				IPHONEOS_DEPLOYMENT_TARGET = 15.5;
				MTL_ENABLE_DEBUG_INFO = NO;
				MTL_FAST_MATH = YES;
				SDKROOT = iphoneos;
				SWIFT_COMPILATION_MODE = wholemodule;
				SWIFT_OPTIMIZATION_LEVEL = "-O";
				VALIDATE_PRODUCT = YES;
			};
			name = Release;
		};
		506FCCA22CADF3B700CAFFDE /* Debug */ = {
			isa = XCBuildConfiguration;
			buildSettings = {
				ASSETCATALOG_COMPILER_APPICON_NAME = AppIcon;
				ASSETCATALOG_COMPILER_GLOBAL_ACCENT_COLOR_NAME = AccentColor;
				CODE_SIGN_STYLE = Automatic;
				CURRENT_PROJECT_VERSION = 1;
				GENERATE_INFOPLIST_FILE = YES;
				INFOPLIST_FILE = UrquizoColeccionDeJuegos/Info.plist;
				INFOPLIST_KEY_UIApplicationSupportsIndirectInputEvents = YES;
				INFOPLIST_KEY_UILaunchStoryboardName = LaunchScreen;
				INFOPLIST_KEY_UIMainStoryboardFile = Main;
				INFOPLIST_KEY_UISupportedInterfaceOrientations_iPad = "UIInterfaceOrientationPortrait UIInterfaceOrientationPortraitUpsideDown UIInterfaceOrientationLandscapeLeft UIInterfaceOrientationLandscapeRight";
				INFOPLIST_KEY_UISupportedInterfaceOrientations_iPhone = "UIInterfaceOrientationPortrait UIInterfaceOrientationLandscapeLeft UIInterfaceOrientationLandscapeRight";
				LD_RUNPATH_SEARCH_PATHS = (
					"$(inherited)",
					"@executable_path/Frameworks",
				);
				MARKETING_VERSION = 1.0;
				PRODUCT_BUNDLE_IDENTIFIER = com.miempresa.UrquizoColeccionDeJuegos;
				PRODUCT_NAME = "$(TARGET_NAME)";
				SWIFT_EMIT_LOC_STRINGS = YES;
				SWIFT_VERSION = 5.0;
				TARGETED_DEVICE_FAMILY = "1,2";
			};
			name = Debug;
		};
		506FCCA32CADF3B700CAFFDE /* Release */ = {
			isa = XCBuildConfiguration;
			buildSettings = {
				ASSETCATALOG_COMPILER_APPICON_NAME = AppIcon;
				ASSETCATALOG_COMPILER_GLOBAL_ACCENT_COLOR_NAME = AccentColor;
				CODE_SIGN_STYLE = Automatic;
				CURRENT_PROJECT_VERSION = 1;
				GENERATE_INFOPLIST_FILE = YES;
				INFOPLIST_FILE = UrquizoColeccionDeJuegos/Info.plist;
				INFOPLIST_KEY_UIApplicationSupportsIndirectInputEvents = YES;
				INFOPLIST_KEY_UILaunchStoryboardName = LaunchScreen;
				INFOPLIST_KEY_UIMainStoryboardFile = Main;
				INFOPLIST_KEY_UISupportedInterfaceOrientations_iPad = "UIInterfaceOrientationPortrait UIInterfaceOrientationPortraitUpsideDown UIInterfaceOrientationLandscapeLeft UIInterfaceOrientationLandscapeRight";
				INFOPLIST_KEY_UISupportedInterfaceOrientations_iPhone = "UIInterfaceOrientationPortrait UIInterfaceOrientationLandscapeLeft UIInterfaceOrientationLandscapeRight";
				LD_RUNPATH_SEARCH_PATHS = (
					"$(inherited)",
					"@executable_path/Frameworks",
				);
				MARKETING_VERSION = 1.0;
				PRODUCT_BUNDLE_IDENTIFIER = com.miempresa.UrquizoColeccionDeJuegos;
				PRODUCT_NAME = "$(TARGET_NAME)";
				SWIFT_EMIT_LOC_STRINGS = YES;
				SWIFT_VERSION = 5.0;
				TARGETED_DEVICE_FAMILY = "1,2";
			};
			name = Release;
		};
/* End XCBuildConfiguration section */

/* Begin XCConfigurationList section */
		506FCC852CADF3B600CAFFDE /* Build configuration list for PBXProject "UrquizoColeccionDeJuegos" */ = {
			isa = XCConfigurationList;
			buildConfigurations = (
				506FCC9F2CADF3B700CAFFDE /* Debug */,
				506FCCA02CADF3B700CAFFDE /* Release */,
			);
			defaultConfigurationIsVisible = 0;
			defaultConfigurationName = Release;
		};
		506FCCA12CADF3B700CAFFDE /* Build configuration list for PBXNativeTarget "UrquizoColeccionDeJuegos" */ = {
			isa = XCConfigurationList;
			buildConfigurations = (
				506FCCA22CADF3B700CAFFDE /* Debug */,
				506FCCA32CADF3B700CAFFDE /* Release */,
			);
			defaultConfigurationIsVisible = 0;
			defaultConfigurationName = Release;
		};
/* End XCConfigurationList section */

/* Begin XCVersionGroup section */
		506FCC962CADF3B600CAFFDE /* UrquizoColeccionDeJuegos.xcdatamodeld */ = {
			isa = XCVersionGroup;
			children = (
				506FCC972CADF3B600CAFFDE /* UrquizoColeccionDeJuegos.xcdatamodel */,
			);
			currentVersion = 506FCC972CADF3B600CAFFDE /* UrquizoColeccionDeJuegos.xcdatamodel */;
			path = UrquizoColeccionDeJuegos.xcdatamodeld;
			sourceTree = "<group>";
			versionGroupType = wrapper.xcdatamodel;
		};
/* End XCVersionGroup section */
	};
	rootObject = 506FCC822CADF3B600CAFFDE /* Project object */;
}
